
Microsoft Visual Studio Solution File, Format Version 12.00
# Visual Studio Version 16
VisualStudioVersion = 16.0.810.19
MinimumVisualStudioVersion = 10.0.40219.1
Project("{FAE04EC0-301F-11D3-BF4B-00C04F79EFBC}") = "Gemipedia", "Gemipedia\Gemipedia.csproj", "{39080D45-3B8E-421D-8558-24AD7F0E448F}"
EndProject
Project("{FAE04EC0-301F-11D3-BF4B-00C04F79EFBC}") = "Gemini.Cgi", "..\Gemini.Cgi\Gemini.Cgi.csproj", "{3BA62C3F-DA9C-48EA-AC3A-DA9C17DB593C}"
EndProject
Project("{2150E333-8FDC-42A3-9474-1A3956D46DE8}") = "Solution Items", "Solution Items", "{519ED394-B5EA-433F-B298-27949E27193F}"
	ProjectSection(SolutionItems) = preProject
		TODOs.txt = TODOs.txt
		Changelog.txt = Changelog.txt
		Test Cases.txt = Test Cases.txt
	EndProjectSection
EndProject
Project("{FAE04EC0-301F-11D3-BF4B-00C04F79EFBC}") = "Gemipedia.Cgi", "Gemipedia.Cgi\Gemipedia.Cgi.csproj", "{678D5030-1D4C-4FF7-ACE3-D5E67DA5F9BA}"
EndProject
Project("{FAE04EC0-301F-11D3-BF4B-00C04F79EFBC}") = "Gemipedia.Console", "Gemipedia.Console\Gemipedia.Console.csproj", "{FF353EC3-647B-40A2-9055-2E96AE127AB2}"
EndProject
Global
	GlobalSection(SolutionConfigurationPlatforms) = preSolution
		Debug|Any CPU = Debug|Any CPU
		Release|Any CPU = Release|Any CPU
	EndGlobalSection
	GlobalSection(ProjectConfigurationPlatforms) = postSolution
		{39080D45-3B8E-421D-8558-24AD7F0E448F}.Debug|Any CPU.ActiveCfg = Debug|Any CPU
		{39080D45-3B8E-421D-8558-24AD7F0E448F}.Debug|Any CPU.Build.0 = Debug|Any CPU
		{39080D45-3B8E-421D-8558-24AD7F0E448F}.Release|Any CPU.ActiveCfg = Release|Any CPU
		{39080D45-3B8E-421D-8558-24AD7F0E448F}.Release|Any CPU.Build.0 = Release|Any CPU
		{3BA62C3F-DA9C-48EA-AC3A-DA9C17DB593C}.Debug|Any CPU.ActiveCfg = Debug|Any CPU
		{3BA62C3F-DA9C-48EA-AC3A-DA9C17DB593C}.Debug|Any CPU.Build.0 = Debug|Any CPU
		{3BA62C3F-DA9C-48EA-AC3A-DA9C17DB593C}.Release|Any CPU.ActiveCfg = Release|Any CPU
		{3BA62C3F-DA9C-48EA-AC3A-DA9C17DB593C}.Release|Any CPU.Build.0 = Release|Any CPU
		{678D5030-1D4C-4FF7-ACE3-D5E67DA5F9BA}.Debug|Any CPU.ActiveCfg = Debug|Any CPU
		{678D5030-1D4C-4FF7-ACE3-D5E67DA5F9BA}.Debug|Any CPU.Build.0 = Debug|Any CPU
		{678D5030-1D4C-4FF7-ACE3-D5E67DA5F9BA}.Release|Any CPU.ActiveCfg = Release|Any CPU
		{678D5030-1D4C-4FF7-ACE3-D5E67DA5F9BA}.Release|Any CPU.Build.0 = Release|Any CPU
		{FF353EC3-647B-40A2-9055-2E96AE127AB2}.Debug|Any CPU.ActiveCfg = Debug|Any CPU
		{FF353EC3-647B-40A2-9055-2E96AE127AB2}.Debug|Any CPU.Build.0 = Debug|Any CPU
		{FF353EC3-647B-40A2-9055-2E96AE127AB2}.Release|Any CPU.ActiveCfg = Release|Any CPU
		{FF353EC3-647B-40A2-9055-2E96AE127AB2}.Release|Any CPU.Build.0 = Release|Any CPU
	EndGlobalSection
	GlobalSection(SolutionProperties) = preSolution
		HideSolutionNode = FALSE
	EndGlobalSection
	GlobalSection(ExtensibilityGlobals) = postSolution
		SolutionGuid = {41FF9B16-4FB0-4875-A3D2-7D214963C613}
	EndGlobalSection
EndGlobal
